// !$*UTF8*$!
{
	archiveVersion = 1;
	classes = {
	};
	objectVersion = 50;
	objects = {

/* Begin PBXBuildFile section */
		010A6A5224ED216B002EAB7C /* AppDelegate.swift in Sources */ = {isa = PBXBuildFile; fileRef = 010A6A5124ED216B002EAB7C /* AppDelegate.swift */; };
		010A6A5424ED216B002EAB7C /* SceneDelegate.swift in Sources */ = {isa = PBXBuildFile; fileRef = 010A6A5324ED216B002EAB7C /* SceneDelegate.swift */; };
		010A6A5624ED216B002EAB7C /* TodoListViewController.swift in Sources */ = {isa = PBXBuildFile; fileRef = 010A6A5524ED216B002EAB7C /* TodoListViewController.swift */; };
		010A6A5924ED216B002EAB7C /* Main.storyboard in Resources */ = {isa = PBXBuildFile; fileRef = 010A6A5724ED216B002EAB7C /* Main.storyboard */; };
		010A6A5C24ED216B002EAB7C /* Todo_list.xcdatamodeld in Sources */ = {isa = PBXBuildFile; fileRef = 010A6A5A24ED216B002EAB7C /* Todo_list.xcdatamodeld */; };
		010A6A5E24ED2171002EAB7C /* Assets.xcassets in Resources */ = {isa = PBXBuildFile; fileRef = 010A6A5D24ED2171002EAB7C /* Assets.xcassets */; };
		010A6A6124ED2171002EAB7C /* LaunchScreen.storyboard in Resources */ = {isa = PBXBuildFile; fileRef = 010A6A5F24ED2171002EAB7C /* LaunchScreen.storyboard */; };
/* End PBXBuildFile section */

/* Begin PBXFileReference section */
		010A6A4E24ED216B002EAB7C /* Todo_list.app */ = {isa = PBXFileReference; explicitFileType = wrapper.application; includeInIndex = 0; path = Todo_list.app; sourceTree = BUILT_PRODUCTS_DIR; };
		010A6A5124ED216B002EAB7C /* AppDelegate.swift */ = {isa = PBXFileReference; lastKnownFileType = sourcecode.swift; path = AppDelegate.swift; sourceTree = "<group>"; };
		010A6A5324ED216B002EAB7C /* SceneDelegate.swift */ = {isa = PBXFileReference; lastKnownFileType = sourcecode.swift; path = SceneDelegate.swift; sourceTree = "<group>"; };
		010A6A5524ED216B002EAB7C /* TodoListViewController.swift */ = {isa = PBXFileReference; lastKnownFileType = sourcecode.swift; path = TodoListViewController.swift; sourceTree = "<group>"; };
		010A6A5824ED216B002EAB7C /* Base */ = {isa = PBXFileReference; lastKnownFileType = file.storyboard; name = Base; path = Base.lproj/Main.storyboard; sourceTree = "<group>"; };
		010A6A5B24ED216B002EAB7C /* Todo_list.xcdatamodel */ = {isa = PBXFileReference; lastKnownFileType = wrapper.xcdatamodel; path = Todo_list.xcdatamodel; sourceTree = "<group>"; };
		010A6A5D24ED2171002EAB7C /* Assets.xcassets */ = {isa = PBXFileReference; lastKnownFileType = folder.assetcatalog; path = Assets.xcassets; sourceTree = "<group>"; };
		010A6A6024ED2171002EAB7C /* Base */ = {isa = PBXFileReference; lastKnownFileType = file.storyboard; name = Base; path = Base.lproj/LaunchScreen.storyboard; sourceTree = "<group>"; };
		010A6A6224ED2171002EAB7C /* Info.plist */ = {isa = PBXFileReference; lastKnownFileType = text.plist.xml; path = Info.plist; sourceTree = "<group>"; };
		010A6A6824ED2184002EAB7C /* Todo_list.entitlements */ = {isa = PBXFileReference; lastKnownFileType = text.plist.entitlements; path = Todo_list.entitlements; sourceTree = "<group>"; };
/* End PBXFileReference section */

/* Begin PBXFrameworksBuildPhase section */
		010A6A4B24ED216A002EAB7C /* Frameworks */ = {
			isa = PBXFrameworksBuildPhase;
			buildActionMask = 2147483647;
			files = (
			);
			runOnlyForDeploymentPostprocessing = 0;
		};
/* End PBXFrameworksBuildPhase section */

/* Begin PBXGroup section */
		010A6A4524ED216A002EAB7C = {
			isa = PBXGroup;
			children = (
				010A6A5024ED216B002EAB7C /* Todo_list */,
				010A6A4F24ED216B002EAB7C /* Products */,
			);
			sourceTree = "<group>";
		};
		010A6A4F24ED216B002EAB7C /* Products */ = {
			isa = PBXGroup;
			children = (
				010A6A4E24ED216B002EAB7C /* Todo_list.app */,
			);
			name = Products;
			sourceTree = "<group>";
		};
		010A6A5024ED216B002EAB7C /* Todo_list */ = {
			isa = PBXGroup;
			children = (
				010A6A6824ED2184002EAB7C /* Todo_list.entitlements */,
				010A6A5124ED216B002EAB7C /* AppDelegate.swift */,
				010A6A5324ED216B002EAB7C /* SceneDelegate.swift */,
				010A6A5524ED216B002EAB7C /* TodoListViewController.swift */,
				010A6A5724ED216B002EAB7C /* Main.storyboard */,
				010A6A5D24ED2171002EAB7C /* Assets.xcassets */,
				010A6A5F24ED2171002EAB7C /* LaunchScreen.storyboard */,
				010A6A6224ED2171002EAB7C /* Info.plist */,
				010A6A5A24ED216B002EAB7C /* Todo_list.xcdatamodeld */,
			);
			path = Todo_list;
			sourceTree = "<group>";
		};
/* End PBXGroup section */

/* Begin PBXNativeTarget section */
		010A6A4D24ED216A002EAB7C /* Todo_list */ = {
			isa = PBXNativeTarget;
			buildConfigurationList = 010A6A6524ED2171002EAB7C /* Build configuration list for PBXNativeTarget "Todo_list" */;
			buildPhases = (
				010A6A4A24ED216A002EAB7C /* Sources */,
				010A6A4B24ED216A002EAB7C /* Frameworks */,
				010A6A4C24ED216A002EAB7C /* Resources */,
			);
			buildRules = (
			);
			dependencies = (
			);
			name = Todo_list;
			productName = Todo_list;
			productReference = 010A6A4E24ED216B002EAB7C /* Todo_list.app */;
			productType = "com.apple.product-type.application";
		};
/* End PBXNativeTarget section */

/* Begin PBXProject section */
		010A6A4624ED216A002EAB7C /* Project object */ = {
			isa = PBXProject;
			attributes = {
				LastSwiftUpdateCheck = 1160;
				LastUpgradeCheck = 1160;
				ORGANIZATIONNAME = jigar;
				TargetAttributes = {
					010A6A4D24ED216A002EAB7C = {
						CreatedOnToolsVersion = 11.6;
					};
				};
			};
			buildConfigurationList = 010A6A4924ED216A002EAB7C /* Build configuration list for PBXProject "Todo_list" */;
			compatibilityVersion = "Xcode 9.3";
			developmentRegion = en;
			hasScannedForEncodings = 0;
			knownRegions = (
				en,
				Base,
			);
			mainGroup = 010A6A4524ED216A002EAB7C;
			productRefGroup = 010A6A4F24ED216B002EAB7C /* Products */;
			projectDirPath = "";
			projectRoot = "";
			targets = (
				010A6A4D24ED216A002EAB7C /* Todo_list */,
			);
		};
/* End PBXProject section */

/* Begin PBXResourcesBuildPhase section */
		010A6A4C24ED216A002EAB7C /* Resources */ = {
			isa = PBXResourcesBuildPhase;
			buildActionMask = 2147483647;
			files = (
				010A6A6124ED2171002EAB7C /* LaunchScreen.storyboard in Resources */,
				010A6A5E24ED2171002EAB7C /* Assets.xcassets in Resources */,
				010A6A5924ED216B002EAB7C /* Main.storyboard in Resources */,
			);
			runOnlyForDeploymentPostprocessing = 0;
		};
/* End PBXResourcesBuildPhase section */

/* Begin PBXSourcesBuildPhase section */
		010A6A4A24ED216A002EAB7C /* Sources */ = {
			isa = PBXSourcesBuildPhase;
			buildActionMask = 2147483647;
			files = (
				010A6A5624ED216B002EAB7C /* TodoListViewController.swift in Sources */,
				010A6A5224ED216B002EAB7C /* AppDelegate.swift in Sources */,
				010A6A5424ED216B002EAB7C /* SceneDelegate.swift in Sources */,
				010A6A5C24ED216B002EAB7C /* Todo_list.xcdatamodeld in Sources */,
			);
			runOnlyForDeploymentPostprocessing = 0;
		};
/* End PBXSourcesBuildPhase section */

/* Begin PBXVariantGroup section */
		010A6A5724ED216B002EAB7C /* Main.storyboard */ = {
			isa = PBXVariantGroup;
			children = (
				010A6A5824ED216B002EAB7C /* Base */,
			);
			name = Main.storyboard;
			sourceTree = "<group>";
		};
		010A6A5F24ED2171002EAB7C /* LaunchScreen.storyboard */ = {
			isa = PBXVariantGroup;
			children = (
				010A6A6024ED2171002EAB7C /* Base */,
			);
			name = LaunchScreen.storyboard;
			sourceTree = "<group>";
		};
/* End PBXVariantGroup section */

/* Begin XCBuildConfiguration section */
		010A6A6324ED2171002EAB7C /* Debug */ = {
			isa = XCBuildConfiguration;
			buildSettings = {
				ALWAYS_SEARCH_USER_PATHS = NO;
				CLANG_ANALYZER_NONNULL = YES;
				CLANG_ANALYZER_NUMBER_OBJECT_CONVERSION = YES_AGGRESSIVE;
				CLANG_CXX_LANGUAGE_STANDARD = "gnu++14";
				CLANG_CXX_LIBRARY = "libc++";
				CLANG_ENABLE_MODULES = YES;
				CLANG_ENABLE_OBJC_ARC = YES;
				CLANG_ENABLE_OBJC_WEAK = YES;
				CLANG_WARN_BLOCK_CAPTURE_AUTORELEASING = YES;
				CLANG_WARN_BOOL_CONVERSION = YES;
				CLANG_WARN_COMMA = YES;
				CLANG_WARN_CONSTANT_CONVERSION = YES;
				CLANG_WARN_DEPRECATED_OBJC_IMPLEMENTATIONS = YES;
				CLANG_WARN_DIRECT_OBJC_ISA_USAGE = YES_ERROR;
				CLANG_WARN_DOCUMENTATION_COMMENTS = YES;
				CLANG_WARN_EMPTY_BODY = YES;
				CLANG_WARN_ENUM_CONVERSION = YES;
				CLANG_WARN_INFINITE_RECURSION = YES;
				CLANG_WARN_INT_CONVERSION = YES;
				CLANG_WARN_NON_LITERAL_NULL_CONVERSION = YES;
				CLANG_WARN_OBJC_IMPLICIT_RETAIN_SELF = YES;
				CLANG_WARN_OBJC_LITERAL_CONVERSION = YES;
				CLANG_WARN_OBJC_ROOT_CLASS = YES_ERROR;
				CLANG_WARN_RANGE_LOOP_ANALYSIS = YES;
				CLANG_WARN_STRICT_PROTOTYPES = YES;
				CLANG_WARN_SUSPICIOUS_MOVE = YES;
				CLANG_WARN_UNGUARDED_AVAILABILITY = YES_AGGRESSIVE;
				CLANG_WARN_UNREACHABLE_CODE = YES;
				CLANG_WARN__DUPLICATE_METHOD_MATCH = YES;
				COPY_PHASE_STRIP = NO;
				DEBUG_INFORMATION_FORMAT = dwarf;
				ENABLE_STRICT_OBJC_MSGSEND = YES;
				ENABLE_TESTABILITY = YES;
				GCC_C_LANGUAGE_STANDARD = gnu11;
				GCC_DYNAMIC_NO_PIC = NO;
				GCC_NO_COMMON_BLOCKS = YES;
				GCC_OPTIMIZATION_LEVEL = 0;
				GCC_PREPROCESSOR_DEFINITIONS = (
					"DEBUG=1",
					"$(inherited)",
				);
				GCC_WARN_64_TO_32_BIT_CONVERSION = YES;
				GCC_WARN_ABOUT_RETURN_TYPE = YES_ERROR;
				GCC_WARN_UNDECLARED_SELECTOR = YES;
				GCC_WARN_UNINITIALIZED_AUTOS = YES_AGGRESSIVE;
				GCC_WARN_UNUSED_FUNCTION = YES;
				GCC_WARN_UNUSED_VARIABLE = YES;
				IPHONEOS_DEPLOYMENT_TARGET = 13.6;
				MTL_ENABLE_DEBUG_INFO = INCLUDE_SOURCE;
				MTL_FAST_MATH = YES;
				ONLY_ACTIVE_ARCH = YES;
				SDKROOT = iphoneos;
				SWIFT_ACTIVE_COMPILATION_CONDITIONS = DEBUG;
				SWIFT_OPTIMIZATION_LEVEL = "-Onone";
			};
			name = Debug;
		};
		010A6A6424ED2171002EAB7C /* Release */ = {
			isa = XCBuildConfiguration;
			buildSettings = {
				ALWAYS_SEARCH_USER_PATHS = NO;
				CLANG_ANALYZER_NONNULL = YES;
				CLANG_ANALYZER_NUMBER_OBJECT_CONVERSION = YES_AGGRESSIVE;
				CLANG_CXX_LANGUAGE_STANDARD = "gnu++14";
				CLANG_CXX_LIBRARY = "libc++";
				CLANG_ENABLE_MODULES = YES;
				CLANG_ENABLE_OBJC_ARC = YES;
				CLANG_ENABLE_OBJC_WEAK = YES;
				CLANG_WARN_BLOCK_CAPTURE_AUTORELEASING = YES;
				CLANG_WARN_BOOL_CONVERSION = YES;
				CLANG_WARN_COMMA = YES;
				CLANG_WARN_CONSTANT_CONVERSION = YES;
				CLANG_WARN_DEPRECATED_OBJC_IMPLEMENTATIONS = YES;
				CLANG_WARN_DIRECT_OBJC_ISA_USAGE = YES_ERROR;
				CLANG_WARN_DOCUMENTATION_COMMENTS = YES;
				CLANG_WARN_EMPTY_BODY = YES;
				CLANG_WARN_ENUM_CONVERSION = YES;
				CLANG_WARN_INFINITE_RECURSION = YES;
				CLANG_WARN_INT_CONVERSION = YES;
				CLANG_WARN_NON_LITERAL_NULL_CONVERSION = YES;
				CLANG_WARN_OBJC_IMPLICIT_RETAIN_SELF = YES;
				CLANG_WARN_OBJC_LITERAL_CONVERSION = YES;
				CLANG_WARN_OBJC_ROOT_CLASS = YES_ERROR;
				CLANG_WARN_RANGE_LOOP_ANALYSIS = YES;
				CLANG_WARN_STRICT_PROTOTYPES = YES;
				CLANG_WARN_SUSPICIOUS_MOVE = YES;
				CLANG_WARN_UNGUARDED_AVAILABILITY = YES_AGGRESSIVE;
				CLANG_WARN_UNREACHABLE_CODE = YES;
				CLANG_WARN__DUPLICATE_METHOD_MATCH = YES;
				COPY_PHASE_STRIP = NO;
				DEBUG_INFORMATION_FORMAT = "dwarf-with-dsym";
				ENABLE_NS_ASSERTIONS = NO;
				ENABLE_STRICT_OBJC_MSGSEND = YES;
				GCC_C_LANGUAGE_STANDARD = gnu11;
				GCC_NO_COMMON_BLOCKS = YES;
				GCC_WARN_64_TO_32_BIT_CONVERSION = YES;
				GCC_WARN_ABOUT_RETURN_TYPE = YES_ERROR;
				GCC_WARN_UNDECLARED_SELECTOR = YES;
				GCC_WARN_UNINITIALIZED_AUTOS = YES_AGGRESSIVE;
				GCC_WARN_UNUSED_FUNCTION = YES;
				GCC_WARN_UNUSED_VARIABLE = YES;
				IPHONEOS_DEPLOYMENT_TARGET = 13.6;
				MTL_ENABLE_DEBUG_INFO = NO;
				MTL_FAST_MATH = YES;
				SDKROOT = iphoneos;
				SWIFT_COMPILATION_MODE = wholemodule;
				SWIFT_OPTIMIZATION_LEVEL = "-O";
				VALIDATE_PRODUCT = YES;
			};
			name = Release;
		};
		010A6A6624ED2171002EAB7C /* Debug */ = {
			isa = XCBuildConfiguration;
			buildSettings = {
				ASSETCATALOG_COMPILER_APPICON_NAME = AppIcon;
				CODE_SIGN_ENTITLEMENTS = Todo_list/Todo_list.entitlements;
				CODE_SIGN_STYLE = Automatic;
				DEVELOPMENT_TEAM = 3G46N5JLN2;
				INFOPLIST_FILE = Todo_list/Info.plist;
				LD_RUNPATH_SEARCH_PATHS = (
					"$(inherited)",
					"@executable_path/Frameworks",
				);
				PRODUCT_BUNDLE_IDENTIFIER = "Bitdegree.Todo-list";
				PRODUCT_NAME = "$(TARGET_NAME)";
				SUPPORTS_MACCATALYST = NO;
				SWIFT_VERSION = 5.0;
				TARGETED_DEVICE_FAMILY = "1,2";
			};
			name = Debug;
		};
		010A6A6724ED2171002EAB7C /* Release */ = {
			isa = XCBuildConfiguration;
			buildSettings = {
				ASSETCATALOG_COMPILER_APPICON_NAME = AppIcon;
				CODE_SIGN_ENTITLEMENTS = Todo_list/Todo_list.entitlements;
				CODE_SIGN_STYLE = Automatic;
				DEVELOPMENT_TEAM = 3G46N5JLN2;
				INFOPLIST_FILE = Todo_list/Info.plist;
				LD_RUNPATH_SEARCH_PATHS = (
					"$(inherited)",
					"@executable_path/Frameworks",
				);
				PRODUCT_BUNDLE_IDENTIFIER = "Bitdegree.Todo-list";
				PRODUCT_NAME = "$(TARGET_NAME)";
				SUPPORTS_MACCATALYST = NO;
				SWIFT_VERSION = 5.0;
				TARGETED_DEVICE_FAMILY = "1,2";
			};
			name = Release;
		};
/* End XCBuildConfiguration section */

/* Begin XCConfigurationList section */
		010A6A4924ED216A002EAB7C /* Build configuration list for PBXProject "Todo_list" */ = {
			isa = XCConfigurationList;
			buildConfigurations = (
				010A6A6324ED2171002EAB7C /* Debug */,
				010A6A6424ED2171002EAB7C /* Release */,
			);
			defaultConfigurationIsVisible = 0;
			defaultConfigurationName = Release;
		};
		010A6A6524ED2171002EAB7C /* Build configuration list for PBXNativeTarget "Todo_list" */ = {
			isa = XCConfigurationList;
			buildConfigurations = (
				010A6A6624ED2171002EAB7C /* Debug */,
				010A6A6724ED2171002EAB7C /* Release */,
			);
			defaultConfigurationIsVisible = 0;
			defaultConfigurationName = Release;
		};
/* End XCConfigurationList section */

/* Begin XCVersionGroup section */
		010A6A5A24ED216B002EAB7C /* Todo_list.xcdatamodeld */ = {
			isa = XCVersionGroup;
			children = (
				010A6A5B24ED216B002EAB7C /* Todo_list.xcdatamodel */,
			);
			currentVersion = 010A6A5B24ED216B002EAB7C /* Todo_list.xcdatamodel */;
			path = Todo_list.xcdatamodeld;
			sourceTree = "<group>";
			versionGroupType = wrapper.xcdatamodel;
		};
/* End XCVersionGroup section */
	};
	rootObject = 010A6A4624ED216A002EAB7C /* Project object */;
}
